// !$*UTF8*$!
{
	archiveVersion = 1;
	classes = {
	};
	objectVersion = 46;
	objects = {

/* Begin PBXBuildFile section */
		F8A4B5FC1D4BE0CB00435826 /* AppDelegate.swift in Sources */ = {isa = PBXBuildFile; fileRef = F8A4B5FB1D4BE0CA00435826 /* AppDelegate.swift */; };
		F8A4B5FE1D4BE0CB00435826 /* ViewController.swift in Sources */ = {isa = PBXBuildFile; fileRef = F8A4B5FD1D4BE0CB00435826 /* ViewController.swift */; };
		F8A4B6011D4BE0CB00435826 /* Main.storyboard in Resources */ = {isa = PBXBuildFile; fileRef = F8A4B5FF1D4BE0CB00435826 /* Main.storyboard */; };
		F8A4B6031D4BE0CB00435826 /* Assets.xcassets in Resources */ = {isa = PBXBuildFile; fileRef = F8A4B6021D4BE0CB00435826 /* Assets.xcassets */; };
		F8A4B6061D4BE0CB00435826 /* LaunchScreen.storyboard in Resources */ = {isa = PBXBuildFile; fileRef = F8A4B6041D4BE0CB00435826 /* LaunchScreen.storyboard */; };
/* End PBXBuildFile section */

/* Begin PBXFileReference section */
		F8A4B5F81D4BE0CA00435826 /* VIPER1.app */ = {isa = PBXFileReference; explicitFileType = wrapper.application; includeInIndex = 0; path = VIPER1.app; sourceTree = BUILT_PRODUCTS_DIR; };
		F8A4B5FB1D4BE0CA00435826 /* AppDelegate.swift */ = {isa = PBXFileReference; lastKnownFileType = sourcecode.swift; path = AppDelegate.swift; sourceTree = "<group>"; };
		F8A4B5FD1D4BE0CB00435826 /* ViewController.swift */ = {isa = PBXFileReference; lastKnownFileType = sourcecode.swift; path = ViewController.swift; sourceTree = "<group>"; };
		F8A4B6001D4BE0CB00435826 /* Base */ = {isa = PBXFileReference; lastKnownFileType = file.storyboard; name = Base; path = Base.lproj/Main.storyboard; sourceTree = "<group>"; };
		F8A4B6021D4BE0CB00435826 /* Assets.xcassets */ = {isa = PBXFileReference; lastKnownFileType = folder.assetcatalog; path = Assets.xcassets; sourceTree = "<group>"; };
		F8A4B6051D4BE0CB00435826 /* Base */ = {isa = PBXFileReference; lastKnownFileType = file.storyboard; name = Base; path = Base.lproj/LaunchScreen.storyboard; sourceTree = "<group>"; };
		F8A4B6071D4BE0CB00435826 /* Info.plist */ = {isa = PBXFileReference; lastKnownFileType = text.plist.xml; path = Info.plist; sourceTree = "<group>"; };
/* End PBXFileReference section */

/* Begin PBXFrameworksBuildPhase section */
		F8A4B5F51D4BE0CA00435826 /* Frameworks */ = {
			isa = PBXFrameworksBuildPhase;
			buildActionMask = 2147483647;
			files = (
			);
			runOnlyForDeploymentPostprocessing = 0;
		};
/* End PBXFrameworksBuildPhase section */

/* Begin PBXGroup section */
		F8A4B5EF1D4BE0CA00435826 = {
			isa = PBXGroup;
			children = (
				F8A4B5FA1D4BE0CA00435826 /* VIPER1 */,
				F8A4B5F91D4BE0CA00435826 /* Products */,
			);
			sourceTree = "<group>";
		};
		F8A4B5F91D4BE0CA00435826 /* Products */ = {
			isa = PBXGroup;
			children = (
				F8A4B5F81D4BE0CA00435826 /* VIPER1.app */,
			);
			name = Products;
			sourceTree = "<group>";
		};
		F8A4B5FA1D4BE0CA00435826 /* VIPER1 */ = {
			isa = PBXGroup;
			children = (
				F8A4B5FB1D4BE0CA00435826 /* AppDelegate.swift */,
				F8A4B5FD1D4BE0CB00435826 /* ViewController.swift */,
				F8A4B5FF1D4BE0CB00435826 /* Main.storyboard */,
				F8A4B6021D4BE0CB00435826 /* Assets.xcassets */,
				F8A4B6041D4BE0CB00435826 /* LaunchScreen.storyboard */,
				F8A4B6071D4BE0CB00435826 /* Info.plist */,
			);
			path = VIPER1;
			sourceTree = "<group>";
		};
/* End PBXGroup section */

/* Begin PBXNativeTarget section */
		F8A4B5F71D4BE0CA00435826 /* VIPER1 */ = {
			isa = PBXNativeTarget;
			buildConfigurationList = F8A4B60A1D4BE0CB00435826 /* Build configuration list for PBXNativeTarget "VIPER1" */;
			buildPhases = (
				F8A4B5F41D4BE0CA00435826 /* Sources */,
				F8A4B5F51D4BE0CA00435826 /* Frameworks */,
				F8A4B5F61D4BE0CA00435826 /* Resources */,
			);
			buildRules = (
			);
			dependencies = (
			);
			name = VIPER1;
			productName = VIPER1;
			productReference = F8A4B5F81D4BE0CA00435826 /* VIPER1.app */;
			productType = "com.apple.product-type.application";
		};
/* End PBXNativeTarget section */

/* Begin PBXProject section */
		F8A4B5F01D4BE0CA00435826 /* Project object */ = {
			isa = PBXProject;
			attributes = {
				LastSwiftUpdateCheck = 0730;
				LastUpgradeCheck = 0730;
				ORGANIZATIONNAME = "alex zolin";
				TargetAttributes = {
					F8A4B5F71D4BE0CA00435826 = {
						CreatedOnToolsVersion = 7.3.1;
					};
				};
			};
			buildConfigurationList = F8A4B5F31D4BE0CA00435826 /* Build configuration list for PBXProject "VIPER1" */;
			compatibilityVersion = "Xcode 3.2";
			developmentRegion = English;
			hasScannedForEncodings = 0;
			knownRegions = (
				en,
				Base,
			);
			mainGroup = F8A4B5EF1D4BE0CA00435826;
			productRefGroup = F8A4B5F91D4BE0CA00435826 /* Products */;
			projectDirPath = "";
			projectRoot = "";
			targets = (
				F8A4B5F71D4BE0CA00435826 /* VIPER1 */,
			);
		};
/* End PBXProject section */

/* Begin PBXResourcesBuildPhase section */
		F8A4B5F61D4BE0CA00435826 /* Resources */ = {
			isa = PBXResourcesBuildPhase;
			buildActionMask = 2147483647;
			files = (
				F8A4B6061D4BE0CB00435826 /* LaunchScreen.storyboard in Resources */,
				F8A4B6031D4BE0CB00435826 /* Assets.xcassets in Resources */,
				F8A4B6011D4BE0CB00435826 /* Main.storyboard in Resources */,
			);
			runOnlyForDeploymentPostprocessing = 0;
		};
/* End PBXResourcesBuildPhase section */

/* Begin PBXSourcesBuildPhase section */
		F8A4B5F41D4BE0CA00435826 /* Sources */ = {
			isa = PBXSourcesBuildPhase;
			buildActionMask = 2147483647;
			files = (
				F8A4B5FE1D4BE0CB00435826 /* ViewController.swift in Sources */,
				F8A4B5FC1D4BE0CB00435826 /* AppDelegate.swift in Sources */,
			);
			runOnlyForDeploymentPostprocessing = 0;
		};
/* End PBXSourcesBuildPhase section */

/* Begin PBXVariantGroup section */
		F8A4B5FF1D4BE0CB00435826 /* Main.storyboard */ = {
			isa = PBXVariantGroup;
			children = (
				F8A4B6001D4BE0CB00435826 /* Base */,
			);
			name = Main.storyboard;
			sourceTree = "<group>";
		};
		F8A4B6041D4BE0CB00435826 /* LaunchScreen.storyboard */ = {
			isa = PBXVariantGroup;
			children = (
				F8A4B6051D4BE0CB00435826 /* Base */,
			);
			name = LaunchScreen.storyboard;
			sourceTree = "<group>";
		};
/* End PBXVariantGroup section */

/* Begin XCBuildConfiguration section */
		F8A4B6081D4BE0CB00435826 /* Debug */ = {
			isa = XCBuildConfiguration;
			buildSettings = {
				ALWAYS_SEARCH_USER_PATHS = NO;
				CLANG_ANALYZER_NONNULL = YES;
				CLANG_CXX_LANGUAGE_STANDARD = "gnu++0x";
				CLANG_CXX_LIBRARY = "libc++";
				CLANG_ENABLE_MODULES = YES;
				CLANG_ENABLE_OBJC_ARC = YES;
				CLANG_WARN_BOOL_CONVERSION = YES;
				CLANG_WARN_CONSTANT_CONVERSION = YES;
				CLANG_WARN_DIRECT_OBJC_ISA_USAGE = YES_ERROR;
				CLANG_WARN_EMPTY_BODY = YES;
				CLANG_WARN_ENUM_CONVERSION = YES;
				CLANG_WARN_INT_CONVERSION = YES;
				CLANG_WARN_OBJC_ROOT_CLASS = YES_ERROR;
				CLANG_WARN_UNREACHABLE_CODE = YES;
				CLANG_WARN__DUPLICATE_METHOD_MATCH = YES;
				"CODE_SIGN_IDENTITY[sdk=iphoneos*]" = "iPhone Developer";
				COPY_PHASE_STRIP = NO;
				DEBUG_INFORMATION_FORMAT = dwarf;
				ENABLE_STRICT_OBJC_MSGSEND = YES;
				ENABLE_TESTABILITY = YES;
				GCC_C_LANGUAGE_STANDARD = gnu99;
				GCC_DYNAMIC_NO_PIC = NO;
				GCC_NO_COMMON_BLOCKS = YES;
				GCC_OPTIMIZATION_LEVEL = 0;
				GCC_PREPROCESSOR_DEFINITIONS = (
					"DEBUG=1",
					"$(inherited)",
				);
				GCC_WARN_64_TO_32_BIT_CONVERSION = YES;
				GCC_WARN_ABOUT_RETURN_TYPE = YES_ERROR;
				GCC_WARN_UNDECLARED_SELECTOR = YES;
				GCC_WARN_UNINITIALIZED_AUTOS = YES_AGGRESSIVE;
				GCC_WARN_UNUSED_FUNCTION = YES;
				GCC_WARN_UNUSED_VARIABLE = YES;
				IPHONEOS_DEPLOYMENT_TARGET = 9.3;
				MTL_ENABLE_DEBUG_INFO = YES;
				ONLY_ACTIVE_ARCH = YES;
				SDKROOT = iphoneos;
				SWIFT_OPTIMIZATION_LEVEL = "-Onone";
				TARGETED_DEVICE_FAMILY = "1,2";
			};
			name = Debug;
		};
		F8A4B6091D4BE0CB00435826 /* Release */ = {
			isa = XCBuildConfiguration;
			buildSettings = {
				ALWAYS_SEARCH_USER_PATHS = NO;
				CLANG_ANALYZER_NONNULL = YES;
				CLANG_CXX_LANGUAGE_STANDARD = "gnu++0x";
				CLANG_CXX_LIBRARY = "libc++";
				CLANG_ENABLE_MODULES = YES;
				CLANG_ENABLE_OBJC_ARC = YES;
				CLANG_WARN_BOOL_CONVERSION = YES;
				CLANG_WARN_CONSTANT_CONVERSION = YES;
				CLANG_WARN_DIRECT_OBJC_ISA_USAGE = YES_ERROR;
				CLANG_WARN_EMPTY_BODY = YES;
				CLANG_WARN_ENUM_CONVERSION = YES;
				CLANG_WARN_INT_CONVERSION = YES;
				CLANG_WARN_OBJC_ROOT_CLASS = YES_ERROR;
				CLANG_WARN_UNREACHABLE_CODE = YES;
				CLANG_WARN__DUPLICATE_METHOD_MATCH = YES;
				"CODE_SIGN_IDENTITY[sdk=iphoneos*]" = "iPhone Developer";
				COPY_PHASE_STRIP = NO;
				DEBUG_INFORMATION_FORMAT = "dwarf-with-dsym";
				ENABLE_NS_ASSERTIONS = NO;
				ENABLE_STRICT_OBJC_MSGSEND = YES;
				GCC_C_LANGUAGE_STANDARD = gnu99;
				GCC_NO_COMMON_BLOCKS = YES;
				GCC_WARN_64_TO_32_BIT_CONVERSION = YES;
				GCC_WARN_ABOUT_RETURN_TYPE = YES_ERROR;
				GCC_WARN_UNDECLARED_SELECTOR = YES;
				GCC_WARN_UNINITIALIZED_AUTOS = YES_AGGRESSIVE;
				GCC_WARN_UNUSED_FUNCTION = YES;
				GCC_WARN_UNUSED_VARIABLE = YES;
				IPHONEOS_DEPLOYMENT_TARGET = 9.3;
				MTL_ENABLE_DEBUG_INFO = NO;
				SDKROOT = iphoneos;
				TARGETED_DEVICE_FAMILY = "1,2";
				VALIDATE_PRODUCT = YES;
			};
			name = Release;
		};
		F8A4B60B1D4BE0CB00435826 /* Debug */ = {
			isa = XCBuildConfiguration;
			buildSettings = {
				ASSETCATALOG_COMPILER_APPICON_NAME = AppIcon;
				INFOPLIST_FILE = VIPER1/Info.plist;
				LD_RUNPATH_SEARCH_PATHS = "$(inherited) @executable_path/Frameworks";
				PRODUCT_BUNDLE_IDENTIFIER = CounterFire.VIPER1;
				PRODUCT_NAME = "$(TARGET_NAME)";
			};
			name = Debug;
		};
		F8A4B60C1D4BE0CB00435826 /* Release */ = {
			isa = XCBuildConfiguration;
			buildSettings = {
				ASSETCATALOG_COMPILER_APPICON_NAME = AppIcon;
				INFOPLIST_FILE = VIPER1/Info.plist;
				LD_RUNPATH_SEARCH_PATHS = "$(inherited) @executable_path/Frameworks";
				PRODUCT_BUNDLE_IDENTIFIER = CounterFire.VIPER1;
				PRODUCT_NAME = "$(TARGET_NAME)";
			};
			name = Release;
		};
/* End XCBuildConfiguration section */

/* Begin XCConfigurationList section */
		F8A4B5F31D4BE0CA00435826 /* Build configuration list for PBXProject "VIPER1" */ = {
			isa = XCConfigurationList;
			buildConfigurations = (
				F8A4B6081D4BE0CB00435826 /* Debug */,
				F8A4B6091D4BE0CB00435826 /* Release */,
			);
			defaultConfigurationIsVisible = 0;
			defaultConfigurationName = Release;
		};
		F8A4B60A1D4BE0CB00435826 /* Build configuration list for PBXNativeTarget "VIPER1" */ = {
			isa = XCConfigurationList;
			buildConfigurations = (
				F8A4B60B1D4BE0CB00435826 /* Debug */,
				F8A4B60C1D4BE0CB00435826 /* Release */,
			);
			defaultConfigurationIsVisible = 0;
		};
/* End XCConfigurationList section */
	};
	rootObject = F8A4B5F01D4BE0CA00435826 /* Project object */;
}
